
Microsoft Visual Studio Solution File, Format Version 12.00
# Visual Studio Version 16
VisualStudioVersion = 16.0.31515.178
MinimumVisualStudioVersion = 10.0.40219.1
Project("{FAE04EC0-301F-11D3-BF4B-00C04F79EFBC}") = "helloworld", "helloworld\helloworld.csproj", "{552F660F-4251-41EA-9FB5-C93D326BE035}"
EndProject
Global
	GlobalSection(SolutionConfigurationPlatforms) = preSolution
		Debug|Any CPU = Debug|Any CPU
		Release|Any CPU = Release|Any CPU
	EndGlobalSection
	GlobalSection(ProjectConfigurationPlatforms) = postSolution
		{552F660F-4251-41EA-9FB5-C93D326BE035}.Debug|Any CPU.ActiveCfg = Debug|Any CPU
		{552F660F-4251-41EA-9FB5-C93D326BE035}.Debug|Any CPU.Build.0 = Debug|Any CPU
		{552F660F-4251-41EA-9FB5-C93D326BE035}.Release|Any CPU.ActiveCfg = Release|Any CPU
		{552F660F-4251-41EA-9FB5-C93D326BE035}.Release|Any CPU.Build.0 = Release|Any CPU
	EndGlobalSection
	GlobalSection(SolutionProperties) = preSolution
		HideSolutionNode = FALSE
	EndGlobalSection
	GlobalSection(ExtensibilityGlobals) = postSolution
		SolutionGuid = {32072EA0-FDAA-4AAF-9675-23700F6CB3B3}
	EndGlobalSection
EndGlobal
